
Microsoft Visual Studio Solution File, Format Version 12.00
# Visual Studio Version 17
VisualStudioVersion = 17.1.32319.34
MinimumVisualStudioVersion = 10.0.40219.1
Project("{FAE04EC0-301F-11D3-BF4B-00C04F79EFBC}") = "Bubbleshort_C", "Bubbleshort_C\Bubbleshort_C.csproj", "{00100E05-2337-4A94-BD69-CC0AC399A58D}"
EndProject
Global
	GlobalSection(SolutionConfigurationPlatforms) = preSolution
		Debug|Any CPU = Debug|Any CPU
		Release|Any CPU = Release|Any CPU
	EndGlobalSection
	GlobalSection(ProjectConfigurationPlatforms) = postSolution
		{00100E05-2337-4A94-BD69-CC0AC399A58D}.Debug|Any CPU.ActiveCfg = Debug|Any CPU
		{00100E05-2337-4A94-BD69-CC0AC399A58D}.Debug|Any CPU.Build.0 = Debug|Any CPU
		{00100E05-2337-4A94-BD69-CC0AC399A58D}.Release|Any CPU.ActiveCfg = Release|Any CPU
		{00100E05-2337-4A94-BD69-CC0AC399A58D}.Release|Any CPU.Build.0 = Release|Any CPU
	EndGlobalSection
	GlobalSection(SolutionProperties) = preSolution
		HideSolutionNode = FALSE
	EndGlobalSection
	GlobalSection(ExtensibilityGlobals) = postSolution
		SolutionGuid = {A939ECE1-2881-4FD9-9A25-556589CC08F9}
	EndGlobalSection
EndGlobal
